
Microsoft Visual Studio Solution File, Format Version 12.00
# Visual Studio Version 17
VisualStudioVersion = 17.4.33110.190
MinimumVisualStudioVersion = 10.0.40219.1
Project("{FAE04EC0-301F-11D3-BF4B-00C04F79EFBC}") = "NLayer.Core", "NLayer.Core\NLayer.Core.csproj", "{C29D3C5C-CBFD-42F2-84D1-FD9299DE0E49}"
EndProject
Project("{FAE04EC0-301F-11D3-BF4B-00C04F79EFBC}") = "NLayer.Repository", "NLayer.Repository\NLayer.Repository.csproj", "{DA621E54-76A4-4643-BACB-83F386D89ADC}"
EndProject
Project("{FAE04EC0-301F-11D3-BF4B-00C04F79EFBC}") = "NLayer.Service", "NLayer.Service\NLayer.Service.csproj", "{37E44B47-CC4C-48DB-9121-457A06BCBEF8}"
EndProject
Project("{FAE04EC0-301F-11D3-BF4B-00C04F79EFBC}") = "NLayer.API", "NLayer.API\NLayer.API.csproj", "{89A1E1C7-BBA4-495D-8F99-1B6E16E04776}"
EndProject
Project("{FAE04EC0-301F-11D3-BF4B-00C04F79EFBC}") = "NLayer.WEB", "NLayer.WEB\NLayer.WEB.csproj", "{63895703-3F55-44BE-8204-12AF5DAF6A65}"
EndProject
Project("{FAE04EC0-301F-11D3-BF4B-00C04F79EFBC}") = "NLayer.Caching", "NLayer.Caching\NLayer.Caching.csproj", "{62E7D9BD-BBD6-4806-BA2B-8171AC9D93D4}"
EndProject
Global
	GlobalSection(SolutionConfigurationPlatforms) = preSolution
		Debug|Any CPU = Debug|Any CPU
		Release|Any CPU = Release|Any CPU
	EndGlobalSection
	GlobalSection(ProjectConfigurationPlatforms) = postSolution
		{C29D3C5C-CBFD-42F2-84D1-FD9299DE0E49}.Debug|Any CPU.ActiveCfg = Debug|Any CPU
		{C29D3C5C-CBFD-42F2-84D1-FD9299DE0E49}.Debug|Any CPU.Build.0 = Debug|Any CPU
		{C29D3C5C-CBFD-42F2-84D1-FD9299DE0E49}.Release|Any CPU.ActiveCfg = Release|Any CPU
		{C29D3C5C-CBFD-42F2-84D1-FD9299DE0E49}.Release|Any CPU.Build.0 = Release|Any CPU
		{DA621E54-76A4-4643-BACB-83F386D89ADC}.Debug|Any CPU.ActiveCfg = Debug|Any CPU
		{DA621E54-76A4-4643-BACB-83F386D89ADC}.Debug|Any CPU.Build.0 = Debug|Any CPU
		{DA621E54-76A4-4643-BACB-83F386D89ADC}.Release|Any CPU.ActiveCfg = Release|Any CPU
		{DA621E54-76A4-4643-BACB-83F386D89ADC}.Release|Any CPU.Build.0 = Release|Any CPU
		{37E44B47-CC4C-48DB-9121-457A06BCBEF8}.Debug|Any CPU.ActiveCfg = Debug|Any CPU
		{37E44B47-CC4C-48DB-9121-457A06BCBEF8}.Debug|Any CPU.Build.0 = Debug|Any CPU
		{37E44B47-CC4C-48DB-9121-457A06BCBEF8}.Release|Any CPU.ActiveCfg = Release|Any CPU
		{37E44B47-CC4C-48DB-9121-457A06BCBEF8}.Release|Any CPU.Build.0 = Release|Any CPU
		{89A1E1C7-BBA4-495D-8F99-1B6E16E04776}.Debug|Any CPU.ActiveCfg = Debug|Any CPU
		{89A1E1C7-BBA4-495D-8F99-1B6E16E04776}.Debug|Any CPU.Build.0 = Debug|Any CPU
		{89A1E1C7-BBA4-495D-8F99-1B6E16E04776}.Release|Any CPU.ActiveCfg = Release|Any CPU
		{89A1E1C7-BBA4-495D-8F99-1B6E16E04776}.Release|Any CPU.Build.0 = Release|Any CPU
		{63895703-3F55-44BE-8204-12AF5DAF6A65}.Debug|Any CPU.ActiveCfg = Debug|Any CPU
		{63895703-3F55-44BE-8204-12AF5DAF6A65}.Debug|Any CPU.Build.0 = Debug|Any CPU
		{63895703-3F55-44BE-8204-12AF5DAF6A65}.Release|Any CPU.ActiveCfg = Release|Any CPU
		{63895703-3F55-44BE-8204-12AF5DAF6A65}.Release|Any CPU.Build.0 = Release|Any CPU
		{62E7D9BD-BBD6-4806-BA2B-8171AC9D93D4}.Debug|Any CPU.ActiveCfg = Debug|Any CPU
		{62E7D9BD-BBD6-4806-BA2B-8171AC9D93D4}.Debug|Any CPU.Build.0 = Debug|Any CPU
		{62E7D9BD-BBD6-4806-BA2B-8171AC9D93D4}.Release|Any CPU.ActiveCfg = Release|Any CPU
		{62E7D9BD-BBD6-4806-BA2B-8171AC9D93D4}.Release|Any CPU.Build.0 = Release|Any CPU
	EndGlobalSection
	GlobalSection(SolutionProperties) = preSolution
		HideSolutionNode = FALSE
	EndGlobalSection
	GlobalSection(ExtensibilityGlobals) = postSolution
		SolutionGuid = {BBACC2D7-352C-436C-B958-89B41A2B57CC}
	EndGlobalSection
EndGlobal
